// !$*UTF8*$!
{
	archiveVersion = 1;
	classes = {
	};
	objectVersion = 48;
	objects = {

/* Begin PBXBuildFile section */
		144930711F6F66D7001E52DA /* AppDelegate.swift in Sources */ = {isa = PBXBuildFile; fileRef = 144930701F6F66D7001E52DA /* AppDelegate.swift */; };
		144930731F6F66D7001E52DA /* ViewController.swift in Sources */ = {isa = PBXBuildFile; fileRef = 144930721F6F66D7001E52DA /* ViewController.swift */; };
		144930761F6F66D7001E52DA /* Main.storyboard in Resources */ = {isa = PBXBuildFile; fileRef = 144930741F6F66D7001E52DA /* Main.storyboard */; };
		144930781F6F66D7001E52DA /* Assets.xcassets in Resources */ = {isa = PBXBuildFile; fileRef = 144930771F6F66D7001E52DA /* Assets.xcassets */; };
		1449307B1F6F66D7001E52DA /* LaunchScreen.storyboard in Resources */ = {isa = PBXBuildFile; fileRef = 144930791F6F66D7001E52DA /* LaunchScreen.storyboard */; };
		144930831F6F6776001E52DA /* KerasMNIST.bin in Resources */ = {isa = PBXBuildFile; fileRef = 144930821F6F6718001E52DA /* KerasMNIST.bin */; };
/* End PBXBuildFile section */

/* Begin PBXFileReference section */
		1449306D1F6F66D7001E52DA /* UpdateModel.app */ = {isa = PBXFileReference; explicitFileType = wrapper.application; includeInIndex = 0; path = UpdateModel.app; sourceTree = BUILT_PRODUCTS_DIR; };
		144930701F6F66D7001E52DA /* AppDelegate.swift */ = {isa = PBXFileReference; lastKnownFileType = sourcecode.swift; path = AppDelegate.swift; sourceTree = "<group>"; };
		144930721F6F66D7001E52DA /* ViewController.swift */ = {isa = PBXFileReference; lastKnownFileType = sourcecode.swift; path = ViewController.swift; sourceTree = "<group>"; };
		144930751F6F66D7001E52DA /* Base */ = {isa = PBXFileReference; lastKnownFileType = file.storyboard; name = Base; path = Base.lproj/Main.storyboard; sourceTree = "<group>"; };
		144930771F6F66D7001E52DA /* Assets.xcassets */ = {isa = PBXFileReference; lastKnownFileType = folder.assetcatalog; path = Assets.xcassets; sourceTree = "<group>"; };
		1449307A1F6F66D7001E52DA /* Base */ = {isa = PBXFileReference; lastKnownFileType = file.storyboard; name = Base; path = Base.lproj/LaunchScreen.storyboard; sourceTree = "<group>"; };
		1449307C1F6F66D7001E52DA /* Info.plist */ = {isa = PBXFileReference; lastKnownFileType = text.plist.xml; path = Info.plist; sourceTree = "<group>"; };
		144930821F6F6718001E52DA /* KerasMNIST.bin */ = {isa = PBXFileReference; lastKnownFileType = archive.macbinary; path = KerasMNIST.bin; sourceTree = "<group>"; };
/* End PBXFileReference section */

/* Begin PBXFrameworksBuildPhase section */
		1449306A1F6F66D7001E52DA /* Frameworks */ = {
			isa = PBXFrameworksBuildPhase;
			buildActionMask = 2147483647;
			files = (
			);
			runOnlyForDeploymentPostprocessing = 0;
		};
/* End PBXFrameworksBuildPhase section */

/* Begin PBXGroup section */
		144930641F6F66D7001E52DA = {
			isa = PBXGroup;
			children = (
				1449306F1F6F66D7001E52DA /* UpdateModel */,
				1449306E1F6F66D7001E52DA /* Products */,
			);
			sourceTree = "<group>";
		};
		1449306E1F6F66D7001E52DA /* Products */ = {
			isa = PBXGroup;
			children = (
				1449306D1F6F66D7001E52DA /* UpdateModel.app */,
			);
			name = Products;
			sourceTree = "<group>";
		};
		1449306F1F6F66D7001E52DA /* UpdateModel */ = {
			isa = PBXGroup;
			children = (
				144930821F6F6718001E52DA /* KerasMNIST.bin */,
				144930701F6F66D7001E52DA /* AppDelegate.swift */,
				144930721F6F66D7001E52DA /* ViewController.swift */,
				144930741F6F66D7001E52DA /* Main.storyboard */,
				144930771F6F66D7001E52DA /* Assets.xcassets */,
				144930791F6F66D7001E52DA /* LaunchScreen.storyboard */,
				1449307C1F6F66D7001E52DA /* Info.plist */,
			);
			path = UpdateModel;
			sourceTree = "<group>";
		};
/* End PBXGroup section */

/* Begin PBXNativeTarget section */
		1449306C1F6F66D7001E52DA /* UpdateModel */ = {
			isa = PBXNativeTarget;
			buildConfigurationList = 1449307F1F6F66D7001E52DA /* Build configuration list for PBXNativeTarget "UpdateModel" */;
			buildPhases = (
				144930691F6F66D7001E52DA /* Sources */,
				1449306A1F6F66D7001E52DA /* Frameworks */,
				1449306B1F6F66D7001E52DA /* Resources */,
			);
			buildRules = (
			);
			dependencies = (
			);
			name = UpdateModel;
			productName = UpdateModel;
			productReference = 1449306D1F6F66D7001E52DA /* UpdateModel.app */;
			productType = "com.apple.product-type.application";
		};
/* End PBXNativeTarget section */

/* Begin PBXProject section */
		144930651F6F66D7001E52DA /* Project object */ = {
			isa = PBXProject;
			attributes = {
				LastSwiftUpdateCheck = 0900;
				LastUpgradeCheck = 0900;
				ORGANIZATIONNAME = sonson;
				TargetAttributes = {
					1449306C1F6F66D7001E52DA = {
						CreatedOnToolsVersion = 9.0;
						ProvisioningStyle = Automatic;
					};
				};
			};
			buildConfigurationList = 144930681F6F66D7001E52DA /* Build configuration list for PBXProject "UpdateModel" */;
			compatibilityVersion = "Xcode 8.0";
			developmentRegion = en;
			hasScannedForEncodings = 0;
			knownRegions = (
				en,
				Base,
			);
			mainGroup = 144930641F6F66D7001E52DA;
			productRefGroup = 1449306E1F6F66D7001E52DA /* Products */;
			projectDirPath = "";
			projectRoot = "";
			targets = (
				1449306C1F6F66D7001E52DA /* UpdateModel */,
			);
		};
/* End PBXProject section */

/* Begin PBXResourcesBuildPhase section */
		1449306B1F6F66D7001E52DA /* Resources */ = {
			isa = PBXResourcesBuildPhase;
			buildActionMask = 2147483647;
			files = (
				1449307B1F6F66D7001E52DA /* LaunchScreen.storyboard in Resources */,
				144930781F6F66D7001E52DA /* Assets.xcassets in Resources */,
				144930831F6F6776001E52DA /* KerasMNIST.bin in Resources */,
				144930761F6F66D7001E52DA /* Main.storyboard in Resources */,
			);
			runOnlyForDeploymentPostprocessing = 0;
		};
/* End PBXResourcesBuildPhase section */

/* Begin PBXSourcesBuildPhase section */
		144930691F6F66D7001E52DA /* Sources */ = {
			isa = PBXSourcesBuildPhase;
			buildActionMask = 2147483647;
			files = (
				144930731F6F66D7001E52DA /* ViewController.swift in Sources */,
				144930711F6F66D7001E52DA /* AppDelegate.swift in Sources */,
			);
			runOnlyForDeploymentPostprocessing = 0;
		};
/* End PBXSourcesBuildPhase section */

/* Begin PBXVariantGroup section */
		144930741F6F66D7001E52DA /* Main.storyboard */ = {
			isa = PBXVariantGroup;
			children = (
				144930751F6F66D7001E52DA /* Base */,
			);
			name = Main.storyboard;
			sourceTree = "<group>";
		};
		144930791F6F66D7001E52DA /* LaunchScreen.storyboard */ = {
			isa = PBXVariantGroup;
			children = (
				1449307A1F6F66D7001E52DA /* Base */,
			);
			name = LaunchScreen.storyboard;
			sourceTree = "<group>";
		};
/* End PBXVariantGroup section */

/* Begin XCBuildConfiguration section */
		1449307D1F6F66D7001E52DA /* Debug */ = {
			isa = XCBuildConfiguration;
			buildSettings = {
				ALWAYS_SEARCH_USER_PATHS = NO;
				CLANG_ANALYZER_NONNULL = YES;
				CLANG_ANALYZER_NUMBER_OBJECT_CONVERSION = YES_AGGRESSIVE;
				CLANG_CXX_LANGUAGE_STANDARD = "gnu++14";
				CLANG_CXX_LIBRARY = "libc++";
				CLANG_ENABLE_MODULES = YES;
				CLANG_ENABLE_OBJC_ARC = YES;
				CLANG_WARN_BLOCK_CAPTURE_AUTORELEASING = YES;
				CLANG_WARN_BOOL_CONVERSION = YES;
				CLANG_WARN_COMMA = YES;
				CLANG_WARN_CONSTANT_CONVERSION = YES;
				CLANG_WARN_DIRECT_OBJC_ISA_USAGE = YES_ERROR;
				CLANG_WARN_DOCUMENTATION_COMMENTS = YES;
				CLANG_WARN_EMPTY_BODY = YES;
				CLANG_WARN_ENUM_CONVERSION = YES;
				CLANG_WARN_INFINITE_RECURSION = YES;
				CLANG_WARN_INT_CONVERSION = YES;
				CLANG_WARN_NON_LITERAL_NULL_CONVERSION = YES;
				CLANG_WARN_OBJC_LITERAL_CONVERSION = YES;
				CLANG_WARN_OBJC_ROOT_CLASS = YES_ERROR;
				CLANG_WARN_RANGE_LOOP_ANALYSIS = YES;
				CLANG_WARN_STRICT_PROTOTYPES = YES;
				CLANG_WARN_SUSPICIOUS_MOVE = YES;
				CLANG_WARN_UNGUARDED_AVAILABILITY = YES_AGGRESSIVE;
				CLANG_WARN_UNREACHABLE_CODE = YES;
				CLANG_WARN__DUPLICATE_METHOD_MATCH = YES;
				CODE_SIGN_IDENTITY = "iPhone Developer";
				COPY_PHASE_STRIP = NO;
				DEBUG_INFORMATION_FORMAT = dwarf;
				ENABLE_STRICT_OBJC_MSGSEND = YES;
				ENABLE_TESTABILITY = YES;
				GCC_C_LANGUAGE_STANDARD = gnu11;
				GCC_DYNAMIC_NO_PIC = NO;
				GCC_NO_COMMON_BLOCKS = YES;
				GCC_OPTIMIZATION_LEVEL = 0;
				GCC_PREPROCESSOR_DEFINITIONS = (
					"DEBUG=1",
					"$(inherited)",
				);
				GCC_WARN_64_TO_32_BIT_CONVERSION = YES;
				GCC_WARN_ABOUT_RETURN_TYPE = YES_ERROR;
				GCC_WARN_UNDECLARED_SELECTOR = YES;
				GCC_WARN_UNINITIALIZED_AUTOS = YES_AGGRESSIVE;
				GCC_WARN_UNUSED_FUNCTION = YES;
				GCC_WARN_UNUSED_VARIABLE = YES;
				IPHONEOS_DEPLOYMENT_TARGET = 11.0;
				MTL_ENABLE_DEBUG_INFO = YES;
				ONLY_ACTIVE_ARCH = YES;
				SDKROOT = iphoneos;
				SWIFT_ACTIVE_COMPILATION_CONDITIONS = DEBUG;
				SWIFT_OPTIMIZATION_LEVEL = "-Onone";
			};
			name = Debug;
		};
		1449307E1F6F66D7001E52DA /* Release */ = {
			isa = XCBuildConfiguration;
			buildSettings = {
				ALWAYS_SEARCH_USER_PATHS = NO;
				CLANG_ANALYZER_NONNULL = YES;
				CLANG_ANALYZER_NUMBER_OBJECT_CONVERSION = YES_AGGRESSIVE;
				CLANG_CXX_LANGUAGE_STANDARD = "gnu++14";
				CLANG_CXX_LIBRARY = "libc++";
				CLANG_ENABLE_MODULES = YES;
				CLANG_ENABLE_OBJC_ARC = YES;
				CLANG_WARN_BLOCK_CAPTURE_AUTORELEASING = YES;
				CLANG_WARN_BOOL_CONVERSION = YES;
				CLANG_WARN_COMMA = YES;
				CLANG_WARN_CONSTANT_CONVERSION = YES;
				CLANG_WARN_DIRECT_OBJC_ISA_USAGE = YES_ERROR;
				CLANG_WARN_DOCUMENTATION_COMMENTS = YES;
				CLANG_WARN_EMPTY_BODY = YES;
				CLANG_WARN_ENUM_CONVERSION = YES;
				CLANG_WARN_INFINITE_RECURSION = YES;
				CLANG_WARN_INT_CONVERSION = YES;
				CLANG_WARN_NON_LITERAL_NULL_CONVERSION = YES;
				CLANG_WARN_OBJC_LITERAL_CONVERSION = YES;
				CLANG_WARN_OBJC_ROOT_CLASS = YES_ERROR;
				CLANG_WARN_RANGE_LOOP_ANALYSIS = YES;
				CLANG_WARN_STRICT_PROTOTYPES = YES;
				CLANG_WARN_SUSPICIOUS_MOVE = YES;
				CLANG_WARN_UNGUARDED_AVAILABILITY = YES_AGGRESSIVE;
				CLANG_WARN_UNREACHABLE_CODE = YES;
				CLANG_WARN__DUPLICATE_METHOD_MATCH = YES;
				CODE_SIGN_IDENTITY = "iPhone Developer";
				COPY_PHASE_STRIP = NO;
				DEBUG_INFORMATION_FORMAT = "dwarf-with-dsym";
				ENABLE_NS_ASSERTIONS = NO;
				ENABLE_STRICT_OBJC_MSGSEND = YES;
				GCC_C_LANGUAGE_STANDARD = gnu11;
				GCC_NO_COMMON_BLOCKS = YES;
				GCC_WARN_64_TO_32_BIT_CONVERSION = YES;
				GCC_WARN_ABOUT_RETURN_TYPE = YES_ERROR;
				GCC_WARN_UNDECLARED_SELECTOR = YES;
				GCC_WARN_UNINITIALIZED_AUTOS = YES_AGGRESSIVE;
				GCC_WARN_UNUSED_FUNCTION = YES;
				GCC_WARN_UNUSED_VARIABLE = YES;
				IPHONEOS_DEPLOYMENT_TARGET = 11.0;
				MTL_ENABLE_DEBUG_INFO = NO;
				SDKROOT = iphoneos;
				SWIFT_OPTIMIZATION_LEVEL = "-Owholemodule";
				VALIDATE_PRODUCT = YES;
			};
			name = Release;
		};
		144930801F6F66D7001E52DA /* Debug */ = {
			isa = XCBuildConfiguration;
			buildSettings = {
				ASSETCATALOG_COMPILER_APPICON_NAME = AppIcon;
				CODE_SIGN_STYLE = Automatic;
				DEVELOPMENT_TEAM = JP866VWWSD;
				INFOPLIST_FILE = UpdateModel/Info.plist;
				LD_RUNPATH_SEARCH_PATHS = "$(inherited) @executable_path/Frameworks";
				PRODUCT_BUNDLE_IDENTIFIER = com.sonson.UpdateModel;
				PRODUCT_NAME = "$(TARGET_NAME)";
				SWIFT_VERSION = 4.0;
				TARGETED_DEVICE_FAMILY = "1,2";
			};
			name = Debug;
		};
		144930811F6F66D7001E52DA /* Release */ = {
			isa = XCBuildConfiguration;
			buildSettings = {
				ASSETCATALOG_COMPILER_APPICON_NAME = AppIcon;
				CODE_SIGN_STYLE = Automatic;
				DEVELOPMENT_TEAM = JP866VWWSD;
				INFOPLIST_FILE = UpdateModel/Info.plist;
				LD_RUNPATH_SEARCH_PATHS = "$(inherited) @executable_path/Frameworks";
				PRODUCT_BUNDLE_IDENTIFIER = com.sonson.UpdateModel;
				PRODUCT_NAME = "$(TARGET_NAME)";
				SWIFT_VERSION = 4.0;
				TARGETED_DEVICE_FAMILY = "1,2";
			};
			name = Release;
		};
/* End XCBuildConfiguration section */

/* Begin XCConfigurationList section */
		144930681F6F66D7001E52DA /* Build configuration list for PBXProject "UpdateModel" */ = {
			isa = XCConfigurationList;
			buildConfigurations = (
				1449307D1F6F66D7001E52DA /* Debug */,
				1449307E1F6F66D7001E52DA /* Release */,
			);
			defaultConfigurationIsVisible = 0;
			defaultConfigurationName = Release;
		};
		1449307F1F6F66D7001E52DA /* Build configuration list for PBXNativeTarget "UpdateModel" */ = {
			isa = XCConfigurationList;
			buildConfigurations = (
				144930801F6F66D7001E52DA /* Debug */,
				144930811F6F66D7001E52DA /* Release */,
			);
			defaultConfigurationIsVisible = 0;
			defaultConfigurationName = Release;
		};
/* End XCConfigurationList section */
	};
	rootObject = 144930651F6F66D7001E52DA /* Project object */;
}
