// !$*UTF8*$!
{
	archiveVersion = 1;
	classes = {
	};
	objectVersion = 48;
	objects = {

/* Begin PBXBuildFile section */
		14706C7E1FA05ABE00553B39 /* AppDelegate.swift in Sources */ = {isa = PBXBuildFile; fileRef = 14706C7D1FA05ABE00553B39 /* AppDelegate.swift */; };
		14706C801FA05ABE00553B39 /* ViewController.swift in Sources */ = {isa = PBXBuildFile; fileRef = 14706C7F1FA05ABE00553B39 /* ViewController.swift */; };
		14706C831FA05ABE00553B39 /* Main.storyboard in Resources */ = {isa = PBXBuildFile; fileRef = 14706C811FA05ABE00553B39 /* Main.storyboard */; };
		14706C851FA05ABE00553B39 /* Assets.xcassets in Resources */ = {isa = PBXBuildFile; fileRef = 14706C841FA05ABE00553B39 /* Assets.xcassets */; };
		14706C881FA05ABE00553B39 /* LaunchScreen.storyboard in Resources */ = {isa = PBXBuildFile; fileRef = 14706C861FA05ABE00553B39 /* LaunchScreen.storyboard */; };
		14706C901FA05BC400553B39 /* PDFViewController.swift in Sources */ = {isa = PBXBuildFile; fileRef = 14706C8F1FA05BC300553B39 /* PDFViewController.swift */; };
		14706C921FA0613400553B39 /* chapter10.pdf in Resources */ = {isa = PBXBuildFile; fileRef = 14706C911FA0613400553B39 /* chapter10.pdf */; };
		14706C941FA0783E00553B39 /* iOS11programming.pdf in Resources */ = {isa = PBXBuildFile; fileRef = 14706C931FA0783A00553B39 /* iOS11programming.pdf */; };
/* End PBXBuildFile section */

/* Begin PBXFileReference section */
		14706C7A1FA05ABE00553B39 /* PDFViewTweaks.app */ = {isa = PBXFileReference; explicitFileType = wrapper.application; includeInIndex = 0; path = PDFViewTweaks.app; sourceTree = BUILT_PRODUCTS_DIR; };
		14706C7D1FA05ABE00553B39 /* AppDelegate.swift */ = {isa = PBXFileReference; lastKnownFileType = sourcecode.swift; path = AppDelegate.swift; sourceTree = "<group>"; };
		14706C7F1FA05ABE00553B39 /* ViewController.swift */ = {isa = PBXFileReference; lastKnownFileType = sourcecode.swift; path = ViewController.swift; sourceTree = "<group>"; };
		14706C821FA05ABE00553B39 /* Base */ = {isa = PBXFileReference; lastKnownFileType = file.storyboard; name = Base; path = Base.lproj/Main.storyboard; sourceTree = "<group>"; };
		14706C841FA05ABE00553B39 /* Assets.xcassets */ = {isa = PBXFileReference; lastKnownFileType = folder.assetcatalog; path = Assets.xcassets; sourceTree = "<group>"; };
		14706C871FA05ABE00553B39 /* Base */ = {isa = PBXFileReference; lastKnownFileType = file.storyboard; name = Base; path = Base.lproj/LaunchScreen.storyboard; sourceTree = "<group>"; };
		14706C891FA05ABE00553B39 /* Info.plist */ = {isa = PBXFileReference; lastKnownFileType = text.plist.xml; path = Info.plist; sourceTree = "<group>"; };
		14706C8F1FA05BC300553B39 /* PDFViewController.swift */ = {isa = PBXFileReference; lastKnownFileType = sourcecode.swift; path = PDFViewController.swift; sourceTree = "<group>"; };
		14706C911FA0613400553B39 /* chapter10.pdf */ = {isa = PBXFileReference; lastKnownFileType = image.pdf; name = chapter10.pdf; path = ../../../../review/iOS11_pdf1020_pages/chapter10.pdf; sourceTree = "<group>"; };
		14706C931FA0783A00553B39 /* iOS11programming.pdf */ = {isa = PBXFileReference; lastKnownFileType = image.pdf; path = iOS11programming.pdf; sourceTree = "<group>"; };
/* End PBXFileReference section */

/* Begin PBXFrameworksBuildPhase section */
		14706C771FA05ABE00553B39 /* Frameworks */ = {
			isa = PBXFrameworksBuildPhase;
			buildActionMask = 2147483647;
			files = (
			);
			runOnlyForDeploymentPostprocessing = 0;
		};
/* End PBXFrameworksBuildPhase section */

/* Begin PBXGroup section */
		14706C711FA05ABE00553B39 = {
			isa = PBXGroup;
			children = (
				14706C7C1FA05ABE00553B39 /* PDFViewTweaks */,
				14706C7B1FA05ABE00553B39 /* Products */,
			);
			sourceTree = "<group>";
		};
		14706C7B1FA05ABE00553B39 /* Products */ = {
			isa = PBXGroup;
			children = (
				14706C7A1FA05ABE00553B39 /* PDFViewTweaks.app */,
			);
			name = Products;
			sourceTree = "<group>";
		};
		14706C7C1FA05ABE00553B39 /* PDFViewTweaks */ = {
			isa = PBXGroup;
			children = (
				14706C7D1FA05ABE00553B39 /* AppDelegate.swift */,
				14706C7F1FA05ABE00553B39 /* ViewController.swift */,
				14706C8F1FA05BC300553B39 /* PDFViewController.swift */,
				14706C811FA05ABE00553B39 /* Main.storyboard */,
				14706C861FA05ABE00553B39 /* LaunchScreen.storyboard */,
				14706C841FA05ABE00553B39 /* Assets.xcassets */,
				14706C891FA05ABE00553B39 /* Info.plist */,
				14706C911FA0613400553B39 /* chapter10.pdf */,
				14706C931FA0783A00553B39 /* iOS11programming.pdf */,
			);
			path = PDFViewTweaks;
			sourceTree = "<group>";
		};
/* End PBXGroup section */

/* Begin PBXNativeTarget section */
		14706C791FA05ABE00553B39 /* PDFViewTweaks */ = {
			isa = PBXNativeTarget;
			buildConfigurationList = 14706C8C1FA05ABE00553B39 /* Build configuration list for PBXNativeTarget "PDFViewTweaks" */;
			buildPhases = (
				14706C761FA05ABE00553B39 /* Sources */,
				14706C771FA05ABE00553B39 /* Frameworks */,
				14706C781FA05ABE00553B39 /* Resources */,
			);
			buildRules = (
			);
			dependencies = (
			);
			name = PDFViewTweaks;
			productName = PDFViewTweaks;
			productReference = 14706C7A1FA05ABE00553B39 /* PDFViewTweaks.app */;
			productType = "com.apple.product-type.application";
		};
/* End PBXNativeTarget section */

/* Begin PBXProject section */
		14706C721FA05ABE00553B39 /* Project object */ = {
			isa = PBXProject;
			attributes = {
				LastSwiftUpdateCheck = 0900;
				LastUpgradeCheck = 0900;
				ORGANIZATIONNAME = "Kishikawa Katsumi";
				TargetAttributes = {
					14706C791FA05ABE00553B39 = {
						CreatedOnToolsVersion = 9.0.1;
						ProvisioningStyle = Automatic;
					};
				};
			};
			buildConfigurationList = 14706C751FA05ABE00553B39 /* Build configuration list for PBXProject "PDFViewTweaks" */;
			compatibilityVersion = "Xcode 8.0";
			developmentRegion = en;
			hasScannedForEncodings = 0;
			knownRegions = (
				en,
				Base,
			);
			mainGroup = 14706C711FA05ABE00553B39;
			productRefGroup = 14706C7B1FA05ABE00553B39 /* Products */;
			projectDirPath = "";
			projectRoot = "";
			targets = (
				14706C791FA05ABE00553B39 /* PDFViewTweaks */,
			);
		};
/* End PBXProject section */

/* Begin PBXResourcesBuildPhase section */
		14706C781FA05ABE00553B39 /* Resources */ = {
			isa = PBXResourcesBuildPhase;
			buildActionMask = 2147483647;
			files = (
				14706C881FA05ABE00553B39 /* LaunchScreen.storyboard in Resources */,
				14706C921FA0613400553B39 /* chapter10.pdf in Resources */,
				14706C851FA05ABE00553B39 /* Assets.xcassets in Resources */,
				14706C941FA0783E00553B39 /* iOS11programming.pdf in Resources */,
				14706C831FA05ABE00553B39 /* Main.storyboard in Resources */,
			);
			runOnlyForDeploymentPostprocessing = 0;
		};
/* End PBXResourcesBuildPhase section */

/* Begin PBXSourcesBuildPhase section */
		14706C761FA05ABE00553B39 /* Sources */ = {
			isa = PBXSourcesBuildPhase;
			buildActionMask = 2147483647;
			files = (
				14706C901FA05BC400553B39 /* PDFViewController.swift in Sources */,
				14706C801FA05ABE00553B39 /* ViewController.swift in Sources */,
				14706C7E1FA05ABE00553B39 /* AppDelegate.swift in Sources */,
			);
			runOnlyForDeploymentPostprocessing = 0;
		};
/* End PBXSourcesBuildPhase section */

/* Begin PBXVariantGroup section */
		14706C811FA05ABE00553B39 /* Main.storyboard */ = {
			isa = PBXVariantGroup;
			children = (
				14706C821FA05ABE00553B39 /* Base */,
			);
			name = Main.storyboard;
			sourceTree = "<group>";
		};
		14706C861FA05ABE00553B39 /* LaunchScreen.storyboard */ = {
			isa = PBXVariantGroup;
			children = (
				14706C871FA05ABE00553B39 /* Base */,
			);
			name = LaunchScreen.storyboard;
			sourceTree = "<group>";
		};
/* End PBXVariantGroup section */

/* Begin XCBuildConfiguration section */
		14706C8A1FA05ABE00553B39 /* Debug */ = {
			isa = XCBuildConfiguration;
			buildSettings = {
				ALWAYS_SEARCH_USER_PATHS = NO;
				CLANG_ANALYZER_NONNULL = YES;
				CLANG_ANALYZER_NUMBER_OBJECT_CONVERSION = YES_AGGRESSIVE;
				CLANG_CXX_LANGUAGE_STANDARD = "gnu++14";
				CLANG_CXX_LIBRARY = "libc++";
				CLANG_ENABLE_MODULES = YES;
				CLANG_ENABLE_OBJC_ARC = YES;
				CLANG_WARN_BLOCK_CAPTURE_AUTORELEASING = YES;
				CLANG_WARN_BOOL_CONVERSION = YES;
				CLANG_WARN_COMMA = YES;
				CLANG_WARN_CONSTANT_CONVERSION = YES;
				CLANG_WARN_DIRECT_OBJC_ISA_USAGE = YES_ERROR;
				CLANG_WARN_DOCUMENTATION_COMMENTS = YES;
				CLANG_WARN_EMPTY_BODY = YES;
				CLANG_WARN_ENUM_CONVERSION = YES;
				CLANG_WARN_INFINITE_RECURSION = YES;
				CLANG_WARN_INT_CONVERSION = YES;
				CLANG_WARN_NON_LITERAL_NULL_CONVERSION = YES;
				CLANG_WARN_OBJC_LITERAL_CONVERSION = YES;
				CLANG_WARN_OBJC_ROOT_CLASS = YES_ERROR;
				CLANG_WARN_RANGE_LOOP_ANALYSIS = YES;
				CLANG_WARN_STRICT_PROTOTYPES = YES;
				CLANG_WARN_SUSPICIOUS_MOVE = YES;
				CLANG_WARN_UNGUARDED_AVAILABILITY = YES_AGGRESSIVE;
				CLANG_WARN_UNREACHABLE_CODE = YES;
				CLANG_WARN__DUPLICATE_METHOD_MATCH = YES;
				CODE_SIGN_IDENTITY = "iPhone Developer";
				COPY_PHASE_STRIP = NO;
				DEBUG_INFORMATION_FORMAT = dwarf;
				ENABLE_STRICT_OBJC_MSGSEND = YES;
				ENABLE_TESTABILITY = YES;
				GCC_C_LANGUAGE_STANDARD = gnu11;
				GCC_DYNAMIC_NO_PIC = NO;
				GCC_NO_COMMON_BLOCKS = YES;
				GCC_OPTIMIZATION_LEVEL = 0;
				GCC_PREPROCESSOR_DEFINITIONS = (
					"DEBUG=1",
					"$(inherited)",
				);
				GCC_WARN_64_TO_32_BIT_CONVERSION = YES;
				GCC_WARN_ABOUT_RETURN_TYPE = YES_ERROR;
				GCC_WARN_UNDECLARED_SELECTOR = YES;
				GCC_WARN_UNINITIALIZED_AUTOS = YES_AGGRESSIVE;
				GCC_WARN_UNUSED_FUNCTION = YES;
				GCC_WARN_UNUSED_VARIABLE = YES;
				IPHONEOS_DEPLOYMENT_TARGET = 11.0;
				MTL_ENABLE_DEBUG_INFO = YES;
				ONLY_ACTIVE_ARCH = YES;
				SDKROOT = iphoneos;
				SWIFT_ACTIVE_COMPILATION_CONDITIONS = DEBUG;
				SWIFT_OPTIMIZATION_LEVEL = "-Onone";
			};
			name = Debug;
		};
		14706C8B1FA05ABE00553B39 /* Release */ = {
			isa = XCBuildConfiguration;
			buildSettings = {
				ALWAYS_SEARCH_USER_PATHS = NO;
				CLANG_ANALYZER_NONNULL = YES;
				CLANG_ANALYZER_NUMBER_OBJECT_CONVERSION = YES_AGGRESSIVE;
				CLANG_CXX_LANGUAGE_STANDARD = "gnu++14";
				CLANG_CXX_LIBRARY = "libc++";
				CLANG_ENABLE_MODULES = YES;
				CLANG_ENABLE_OBJC_ARC = YES;
				CLANG_WARN_BLOCK_CAPTURE_AUTORELEASING = YES;
				CLANG_WARN_BOOL_CONVERSION = YES;
				CLANG_WARN_COMMA = YES;
				CLANG_WARN_CONSTANT_CONVERSION = YES;
				CLANG_WARN_DIRECT_OBJC_ISA_USAGE = YES_ERROR;
				CLANG_WARN_DOCUMENTATION_COMMENTS = YES;
				CLANG_WARN_EMPTY_BODY = YES;
				CLANG_WARN_ENUM_CONVERSION = YES;
				CLANG_WARN_INFINITE_RECURSION = YES;
				CLANG_WARN_INT_CONVERSION = YES;
				CLANG_WARN_NON_LITERAL_NULL_CONVERSION = YES;
				CLANG_WARN_OBJC_LITERAL_CONVERSION = YES;
				CLANG_WARN_OBJC_ROOT_CLASS = YES_ERROR;
				CLANG_WARN_RANGE_LOOP_ANALYSIS = YES;
				CLANG_WARN_STRICT_PROTOTYPES = YES;
				CLANG_WARN_SUSPICIOUS_MOVE = YES;
				CLANG_WARN_UNGUARDED_AVAILABILITY = YES_AGGRESSIVE;
				CLANG_WARN_UNREACHABLE_CODE = YES;
				CLANG_WARN__DUPLICATE_METHOD_MATCH = YES;
				CODE_SIGN_IDENTITY = "iPhone Developer";
				COPY_PHASE_STRIP = NO;
				DEBUG_INFORMATION_FORMAT = "dwarf-with-dsym";
				ENABLE_NS_ASSERTIONS = NO;
				ENABLE_STRICT_OBJC_MSGSEND = YES;
				GCC_C_LANGUAGE_STANDARD = gnu11;
				GCC_NO_COMMON_BLOCKS = YES;
				GCC_WARN_64_TO_32_BIT_CONVERSION = YES;
				GCC_WARN_ABOUT_RETURN_TYPE = YES_ERROR;
				GCC_WARN_UNDECLARED_SELECTOR = YES;
				GCC_WARN_UNINITIALIZED_AUTOS = YES_AGGRESSIVE;
				GCC_WARN_UNUSED_FUNCTION = YES;
				GCC_WARN_UNUSED_VARIABLE = YES;
				IPHONEOS_DEPLOYMENT_TARGET = 11.0;
				MTL_ENABLE_DEBUG_INFO = NO;
				SDKROOT = iphoneos;
				SWIFT_OPTIMIZATION_LEVEL = "-Owholemodule";
				VALIDATE_PRODUCT = YES;
			};
			name = Release;
		};
		14706C8D1FA05ABE00553B39 /* Debug */ = {
			isa = XCBuildConfiguration;
			buildSettings = {
				ASSETCATALOG_COMPILER_APPICON_NAME = AppIcon;
				CODE_SIGN_STYLE = Automatic;
				DEVELOPMENT_TEAM = 27AEDK3C9F;
				INFOPLIST_FILE = PDFViewTweaks/Info.plist;
				LD_RUNPATH_SEARCH_PATHS = "$(inherited) @executable_path/Frameworks";
				PRODUCT_BUNDLE_IDENTIFIER = com.kishikawakatsumi.PDFViewTweaks;
				PRODUCT_NAME = "$(TARGET_NAME)";
				SWIFT_VERSION = 4.0;
				TARGETED_DEVICE_FAMILY = "1,2";
			};
			name = Debug;
		};
		14706C8E1FA05ABE00553B39 /* Release */ = {
			isa = XCBuildConfiguration;
			buildSettings = {
				ASSETCATALOG_COMPILER_APPICON_NAME = AppIcon;
				CODE_SIGN_STYLE = Automatic;
				DEVELOPMENT_TEAM = 27AEDK3C9F;
				INFOPLIST_FILE = PDFViewTweaks/Info.plist;
				LD_RUNPATH_SEARCH_PATHS = "$(inherited) @executable_path/Frameworks";
				PRODUCT_BUNDLE_IDENTIFIER = com.kishikawakatsumi.PDFViewTweaks;
				PRODUCT_NAME = "$(TARGET_NAME)";
				SWIFT_VERSION = 4.0;
				TARGETED_DEVICE_FAMILY = "1,2";
			};
			name = Release;
		};
/* End XCBuildConfiguration section */

/* Begin XCConfigurationList section */
		14706C751FA05ABE00553B39 /* Build configuration list for PBXProject "PDFViewTweaks" */ = {
			isa = XCConfigurationList;
			buildConfigurations = (
				14706C8A1FA05ABE00553B39 /* Debug */,
				14706C8B1FA05ABE00553B39 /* Release */,
			);
			defaultConfigurationIsVisible = 0;
			defaultConfigurationName = Release;
		};
		14706C8C1FA05ABE00553B39 /* Build configuration list for PBXNativeTarget "PDFViewTweaks" */ = {
			isa = XCConfigurationList;
			buildConfigurations = (
				14706C8D1FA05ABE00553B39 /* Debug */,
				14706C8E1FA05ABE00553B39 /* Release */,
			);
			defaultConfigurationIsVisible = 0;
			defaultConfigurationName = Release;
		};
/* End XCConfigurationList section */
	};
	rootObject = 14706C721FA05ABE00553B39 /* Project object */;
}
