// !$*UTF8*$!
{
	archiveVersion = 1;
	classes = {
	};
	objectVersion = 48;
	objects = {

/* Begin PBXBuildFile section */
		1490A7531F3431DD00DF1516 /* AppDelegate.swift in Sources */ = {isa = PBXBuildFile; fileRef = 1490A7521F3431DD00DF1516 /* AppDelegate.swift */; };
		1490A7551F3431DD00DF1516 /* ViewController.swift in Sources */ = {isa = PBXBuildFile; fileRef = 1490A7541F3431DD00DF1516 /* ViewController.swift */; };
		1490A7581F3431DD00DF1516 /* Main.storyboard in Resources */ = {isa = PBXBuildFile; fileRef = 1490A7561F3431DD00DF1516 /* Main.storyboard */; };
		1490A75A1F3431DD00DF1516 /* Assets.xcassets in Resources */ = {isa = PBXBuildFile; fileRef = 1490A7591F3431DD00DF1516 /* Assets.xcassets */; };
		1490A75D1F3431DD00DF1516 /* LaunchScreen.storyboard in Resources */ = {isa = PBXBuildFile; fileRef = 1490A75B1F3431DD00DF1516 /* LaunchScreen.storyboard */; };
		1490A7651F34320600DF1516 /* MenuPrediction.mlmodel in Sources */ = {isa = PBXBuildFile; fileRef = 1490A7641F34320300DF1516 /* MenuPrediction.mlmodel */; };
/* End PBXBuildFile section */

/* Begin PBXFileReference section */
		1490A74F1F3431DD00DF1516 /* MenuPrediction.app */ = {isa = PBXFileReference; explicitFileType = wrapper.application; includeInIndex = 0; path = MenuPrediction.app; sourceTree = BUILT_PRODUCTS_DIR; };
		1490A7521F3431DD00DF1516 /* AppDelegate.swift */ = {isa = PBXFileReference; lastKnownFileType = sourcecode.swift; path = AppDelegate.swift; sourceTree = "<group>"; };
		1490A7541F3431DD00DF1516 /* ViewController.swift */ = {isa = PBXFileReference; lastKnownFileType = sourcecode.swift; path = ViewController.swift; sourceTree = "<group>"; };
		1490A7571F3431DD00DF1516 /* Base */ = {isa = PBXFileReference; lastKnownFileType = file.storyboard; name = Base; path = Base.lproj/Main.storyboard; sourceTree = "<group>"; };
		1490A7591F3431DD00DF1516 /* Assets.xcassets */ = {isa = PBXFileReference; lastKnownFileType = folder.assetcatalog; path = Assets.xcassets; sourceTree = "<group>"; };
		1490A75C1F3431DD00DF1516 /* Base */ = {isa = PBXFileReference; lastKnownFileType = file.storyboard; name = Base; path = Base.lproj/LaunchScreen.storyboard; sourceTree = "<group>"; };
		1490A75E1F3431DD00DF1516 /* Info.plist */ = {isa = PBXFileReference; lastKnownFileType = text.plist.xml; path = Info.plist; sourceTree = "<group>"; };
		1490A7641F34320300DF1516 /* MenuPrediction.mlmodel */ = {isa = PBXFileReference; lastKnownFileType = file.mlmodel; path = MenuPrediction.mlmodel; sourceTree = "<group>"; };
/* End PBXFileReference section */

/* Begin PBXFrameworksBuildPhase section */
		1490A74C1F3431DD00DF1516 /* Frameworks */ = {
			isa = PBXFrameworksBuildPhase;
			buildActionMask = 2147483647;
			files = (
			);
			runOnlyForDeploymentPostprocessing = 0;
		};
/* End PBXFrameworksBuildPhase section */

/* Begin PBXGroup section */
		1490A7461F3431DD00DF1516 = {
			isa = PBXGroup;
			children = (
				1490A7511F3431DD00DF1516 /* MenuPrediction */,
				1490A7501F3431DD00DF1516 /* Products */,
			);
			sourceTree = "<group>";
		};
		1490A7501F3431DD00DF1516 /* Products */ = {
			isa = PBXGroup;
			children = (
				1490A74F1F3431DD00DF1516 /* MenuPrediction.app */,
			);
			name = Products;
			sourceTree = "<group>";
		};
		1490A7511F3431DD00DF1516 /* MenuPrediction */ = {
			isa = PBXGroup;
			children = (
				1490A7641F34320300DF1516 /* MenuPrediction.mlmodel */,
				1490A7521F3431DD00DF1516 /* AppDelegate.swift */,
				1490A7541F3431DD00DF1516 /* ViewController.swift */,
				1490A7561F3431DD00DF1516 /* Main.storyboard */,
				1490A7591F3431DD00DF1516 /* Assets.xcassets */,
				1490A75B1F3431DD00DF1516 /* LaunchScreen.storyboard */,
				1490A75E1F3431DD00DF1516 /* Info.plist */,
			);
			path = MenuPrediction;
			sourceTree = "<group>";
		};
/* End PBXGroup section */

/* Begin PBXNativeTarget section */
		1490A74E1F3431DD00DF1516 /* MenuPrediction */ = {
			isa = PBXNativeTarget;
			buildConfigurationList = 1490A7611F3431DD00DF1516 /* Build configuration list for PBXNativeTarget "MenuPrediction" */;
			buildPhases = (
				1490A74B1F3431DD00DF1516 /* Sources */,
				1490A74C1F3431DD00DF1516 /* Frameworks */,
				1490A74D1F3431DD00DF1516 /* Resources */,
			);
			buildRules = (
			);
			dependencies = (
			);
			name = MenuPrediction;
			productName = MenuPrediction;
			productReference = 1490A74F1F3431DD00DF1516 /* MenuPrediction.app */;
			productType = "com.apple.product-type.application";
		};
/* End PBXNativeTarget section */

/* Begin PBXProject section */
		1490A7471F3431DD00DF1516 /* Project object */ = {
			isa = PBXProject;
			attributes = {
				LastSwiftUpdateCheck = 0900;
				LastUpgradeCheck = 0900;
				ORGANIZATIONNAME = sonson;
				TargetAttributes = {
					1490A74E1F3431DD00DF1516 = {
						CreatedOnToolsVersion = 9.0;
					};
				};
			};
			buildConfigurationList = 1490A74A1F3431DD00DF1516 /* Build configuration list for PBXProject "MenuPrediction" */;
			compatibilityVersion = "Xcode 8.0";
			developmentRegion = en;
			hasScannedForEncodings = 0;
			knownRegions = (
				en,
				Base,
			);
			mainGroup = 1490A7461F3431DD00DF1516;
			productRefGroup = 1490A7501F3431DD00DF1516 /* Products */;
			projectDirPath = "";
			projectRoot = "";
			targets = (
				1490A74E1F3431DD00DF1516 /* MenuPrediction */,
			);
		};
/* End PBXProject section */

/* Begin PBXResourcesBuildPhase section */
		1490A74D1F3431DD00DF1516 /* Resources */ = {
			isa = PBXResourcesBuildPhase;
			buildActionMask = 2147483647;
			files = (
				1490A75D1F3431DD00DF1516 /* LaunchScreen.storyboard in Resources */,
				1490A75A1F3431DD00DF1516 /* Assets.xcassets in Resources */,
				1490A7581F3431DD00DF1516 /* Main.storyboard in Resources */,
			);
			runOnlyForDeploymentPostprocessing = 0;
		};
/* End PBXResourcesBuildPhase section */

/* Begin PBXSourcesBuildPhase section */
		1490A74B1F3431DD00DF1516 /* Sources */ = {
			isa = PBXSourcesBuildPhase;
			buildActionMask = 2147483647;
			files = (
				1490A7651F34320600DF1516 /* MenuPrediction.mlmodel in Sources */,
				1490A7551F3431DD00DF1516 /* ViewController.swift in Sources */,
				1490A7531F3431DD00DF1516 /* AppDelegate.swift in Sources */,
			);
			runOnlyForDeploymentPostprocessing = 0;
		};
/* End PBXSourcesBuildPhase section */

/* Begin PBXVariantGroup section */
		1490A7561F3431DD00DF1516 /* Main.storyboard */ = {
			isa = PBXVariantGroup;
			children = (
				1490A7571F3431DD00DF1516 /* Base */,
			);
			name = Main.storyboard;
			sourceTree = "<group>";
		};
		1490A75B1F3431DD00DF1516 /* LaunchScreen.storyboard */ = {
			isa = PBXVariantGroup;
			children = (
				1490A75C1F3431DD00DF1516 /* Base */,
			);
			name = LaunchScreen.storyboard;
			sourceTree = "<group>";
		};
/* End PBXVariantGroup section */

/* Begin XCBuildConfiguration section */
		1490A75F1F3431DD00DF1516 /* Debug */ = {
			isa = XCBuildConfiguration;
			buildSettings = {
				ALWAYS_SEARCH_USER_PATHS = NO;
				CLANG_ANALYZER_NONNULL = YES;
				CLANG_ANALYZER_NUMBER_OBJECT_CONVERSION = YES_AGGRESSIVE;
				CLANG_CXX_LANGUAGE_STANDARD = "gnu++14";
				CLANG_CXX_LIBRARY = "libc++";
				CLANG_ENABLE_MODULES = YES;
				CLANG_ENABLE_OBJC_ARC = YES;
				CLANG_WARN_BLOCK_CAPTURE_AUTORELEASING = YES;
				CLANG_WARN_BOOL_CONVERSION = YES;
				CLANG_WARN_COMMA = YES;
				CLANG_WARN_CONSTANT_CONVERSION = YES;
				CLANG_WARN_DIRECT_OBJC_ISA_USAGE = YES_ERROR;
				CLANG_WARN_DOCUMENTATION_COMMENTS = YES;
				CLANG_WARN_EMPTY_BODY = YES;
				CLANG_WARN_ENUM_CONVERSION = YES;
				CLANG_WARN_INFINITE_RECURSION = YES;
				CLANG_WARN_INT_CONVERSION = YES;
				CLANG_WARN_NON_LITERAL_NULL_CONVERSION = YES;
				CLANG_WARN_OBJC_LITERAL_CONVERSION = YES;
				CLANG_WARN_OBJC_ROOT_CLASS = YES_ERROR;
				CLANG_WARN_RANGE_LOOP_ANALYSIS = YES;
				CLANG_WARN_STRICT_PROTOTYPES = YES;
				CLANG_WARN_SUSPICIOUS_MOVE = YES;
				CLANG_WARN_UNGUARDED_AVAILABILITY = YES_AGGRESSIVE;
				CLANG_WARN_UNREACHABLE_CODE = YES;
				CLANG_WARN__DUPLICATE_METHOD_MATCH = YES;
				CODE_SIGN_IDENTITY = "iPhone Developer";
				COPY_PHASE_STRIP = NO;
				DEBUG_INFORMATION_FORMAT = dwarf;
				ENABLE_STRICT_OBJC_MSGSEND = YES;
				ENABLE_TESTABILITY = YES;
				GCC_C_LANGUAGE_STANDARD = gnu11;
				GCC_DYNAMIC_NO_PIC = NO;
				GCC_NO_COMMON_BLOCKS = YES;
				GCC_OPTIMIZATION_LEVEL = 0;
				GCC_PREPROCESSOR_DEFINITIONS = (
					"DEBUG=1",
					"$(inherited)",
				);
				GCC_WARN_64_TO_32_BIT_CONVERSION = YES;
				GCC_WARN_ABOUT_RETURN_TYPE = YES_ERROR;
				GCC_WARN_UNDECLARED_SELECTOR = YES;
				GCC_WARN_UNINITIALIZED_AUTOS = YES_AGGRESSIVE;
				GCC_WARN_UNUSED_FUNCTION = YES;
				GCC_WARN_UNUSED_VARIABLE = YES;
				IPHONEOS_DEPLOYMENT_TARGET = 11.0;
				MTL_ENABLE_DEBUG_INFO = YES;
				ONLY_ACTIVE_ARCH = YES;
				SDKROOT = iphoneos;
				SWIFT_ACTIVE_COMPILATION_CONDITIONS = DEBUG;
				SWIFT_OPTIMIZATION_LEVEL = "-Onone";
			};
			name = Debug;
		};
		1490A7601F3431DD00DF1516 /* Release */ = {
			isa = XCBuildConfiguration;
			buildSettings = {
				ALWAYS_SEARCH_USER_PATHS = NO;
				CLANG_ANALYZER_NONNULL = YES;
				CLANG_ANALYZER_NUMBER_OBJECT_CONVERSION = YES_AGGRESSIVE;
				CLANG_CXX_LANGUAGE_STANDARD = "gnu++14";
				CLANG_CXX_LIBRARY = "libc++";
				CLANG_ENABLE_MODULES = YES;
				CLANG_ENABLE_OBJC_ARC = YES;
				CLANG_WARN_BLOCK_CAPTURE_AUTORELEASING = YES;
				CLANG_WARN_BOOL_CONVERSION = YES;
				CLANG_WARN_COMMA = YES;
				CLANG_WARN_CONSTANT_CONVERSION = YES;
				CLANG_WARN_DIRECT_OBJC_ISA_USAGE = YES_ERROR;
				CLANG_WARN_DOCUMENTATION_COMMENTS = YES;
				CLANG_WARN_EMPTY_BODY = YES;
				CLANG_WARN_ENUM_CONVERSION = YES;
				CLANG_WARN_INFINITE_RECURSION = YES;
				CLANG_WARN_INT_CONVERSION = YES;
				CLANG_WARN_NON_LITERAL_NULL_CONVERSION = YES;
				CLANG_WARN_OBJC_LITERAL_CONVERSION = YES;
				CLANG_WARN_OBJC_ROOT_CLASS = YES_ERROR;
				CLANG_WARN_RANGE_LOOP_ANALYSIS = YES;
				CLANG_WARN_STRICT_PROTOTYPES = YES;
				CLANG_WARN_SUSPICIOUS_MOVE = YES;
				CLANG_WARN_UNGUARDED_AVAILABILITY = YES_AGGRESSIVE;
				CLANG_WARN_UNREACHABLE_CODE = YES;
				CLANG_WARN__DUPLICATE_METHOD_MATCH = YES;
				CODE_SIGN_IDENTITY = "iPhone Developer";
				COPY_PHASE_STRIP = NO;
				DEBUG_INFORMATION_FORMAT = "dwarf-with-dsym";
				ENABLE_NS_ASSERTIONS = NO;
				ENABLE_STRICT_OBJC_MSGSEND = YES;
				GCC_C_LANGUAGE_STANDARD = gnu11;
				GCC_NO_COMMON_BLOCKS = YES;
				GCC_WARN_64_TO_32_BIT_CONVERSION = YES;
				GCC_WARN_ABOUT_RETURN_TYPE = YES_ERROR;
				GCC_WARN_UNDECLARED_SELECTOR = YES;
				GCC_WARN_UNINITIALIZED_AUTOS = YES_AGGRESSIVE;
				GCC_WARN_UNUSED_FUNCTION = YES;
				GCC_WARN_UNUSED_VARIABLE = YES;
				IPHONEOS_DEPLOYMENT_TARGET = 11.0;
				MTL_ENABLE_DEBUG_INFO = NO;
				SDKROOT = iphoneos;
				SWIFT_OPTIMIZATION_LEVEL = "-Owholemodule";
				VALIDATE_PRODUCT = YES;
			};
			name = Release;
		};
		1490A7621F3431DD00DF1516 /* Debug */ = {
			isa = XCBuildConfiguration;
			buildSettings = {
				ASSETCATALOG_COMPILER_APPICON_NAME = AppIcon;
				DEVELOPMENT_TEAM = JP866VWWSD;
				INFOPLIST_FILE = MenuPrediction/Info.plist;
				LD_RUNPATH_SEARCH_PATHS = "$(inherited) @executable_path/Frameworks";
				PRODUCT_BUNDLE_IDENTIFIER = com.sonson.MenuPrediction;
				PRODUCT_NAME = "$(TARGET_NAME)";
				SWIFT_VERSION = 4.0;
				TARGETED_DEVICE_FAMILY = "1,2";
			};
			name = Debug;
		};
		1490A7631F3431DD00DF1516 /* Release */ = {
			isa = XCBuildConfiguration;
			buildSettings = {
				ASSETCATALOG_COMPILER_APPICON_NAME = AppIcon;
				DEVELOPMENT_TEAM = JP866VWWSD;
				INFOPLIST_FILE = MenuPrediction/Info.plist;
				LD_RUNPATH_SEARCH_PATHS = "$(inherited) @executable_path/Frameworks";
				PRODUCT_BUNDLE_IDENTIFIER = com.sonson.MenuPrediction;
				PRODUCT_NAME = "$(TARGET_NAME)";
				SWIFT_VERSION = 4.0;
				TARGETED_DEVICE_FAMILY = "1,2";
			};
			name = Release;
		};
/* End XCBuildConfiguration section */

/* Begin XCConfigurationList section */
		1490A74A1F3431DD00DF1516 /* Build configuration list for PBXProject "MenuPrediction" */ = {
			isa = XCConfigurationList;
			buildConfigurations = (
				1490A75F1F3431DD00DF1516 /* Debug */,
				1490A7601F3431DD00DF1516 /* Release */,
			);
			defaultConfigurationIsVisible = 0;
			defaultConfigurationName = Release;
		};
		1490A7611F3431DD00DF1516 /* Build configuration list for PBXNativeTarget "MenuPrediction" */ = {
			isa = XCConfigurationList;
			buildConfigurations = (
				1490A7621F3431DD00DF1516 /* Debug */,
				1490A7631F3431DD00DF1516 /* Release */,
			);
			defaultConfigurationIsVisible = 0;
			defaultConfigurationName = Release;
		};
/* End XCConfigurationList section */
	};
	rootObject = 1490A7471F3431DD00DF1516 /* Project object */;
}
